
Microsoft Visual Studio Solution File, Format Version 12.00
# Visual Studio 15
VisualStudioVersion = 15.0.26430.14
MinimumVisualStudioVersion = 10.0.40219.1
Project("{FAE04EC0-301F-11D3-BF4B-00C04F79EFBC}") = "ExtendedSqlQuery", "ExtendedSqlQuery\ExtendedSqlQuery.csproj", "{39962984-63D3-44BB-8E9E-0444CFD888DC}"
EndProject
Project("{FAE04EC0-301F-11D3-BF4B-00C04F79EFBC}") = "ExtendedSqlQuery.UnitTests", "ExtendedSqlQuery.UnitTests\ExtendedSqlQuery.UnitTests.csproj", "{804E1E16-8993-48FB-84F1-56A19760B2FB}"
EndProject
Global
	GlobalSection(SolutionConfigurationPlatforms) = preSolution
		Debug|Any CPU = Debug|Any CPU
		Release|Any CPU = Release|Any CPU
	EndGlobalSection
	GlobalSection(ProjectConfigurationPlatforms) = postSolution
		{39962984-63D3-44BB-8E9E-0444CFD888DC}.Debug|Any CPU.ActiveCfg = Debug|Any CPU
		{39962984-63D3-44BB-8E9E-0444CFD888DC}.Debug|Any CPU.Build.0 = Debug|Any CPU
		{39962984-63D3-44BB-8E9E-0444CFD888DC}.Release|Any CPU.ActiveCfg = Release|Any CPU
		{39962984-63D3-44BB-8E9E-0444CFD888DC}.Release|Any CPU.Build.0 = Release|Any CPU
		{804E1E16-8993-48FB-84F1-56A19760B2FB}.Debug|Any CPU.ActiveCfg = Debug|Any CPU
		{804E1E16-8993-48FB-84F1-56A19760B2FB}.Debug|Any CPU.Build.0 = Debug|Any CPU
		{804E1E16-8993-48FB-84F1-56A19760B2FB}.Release|Any CPU.ActiveCfg = Release|Any CPU
		{804E1E16-8993-48FB-84F1-56A19760B2FB}.Release|Any CPU.Build.0 = Release|Any CPU
	EndGlobalSection
	GlobalSection(SolutionProperties) = preSolution
		HideSolutionNode = FALSE
	EndGlobalSection
EndGlobal
